{
  "name": "02-OTP",
  "lockfileVersion": 2,
  "requires": true,
  "packages": {
    "": {
      "dependencies": {
        "phone": "^3.1.20"
      }
    },
    "node_modules/phone": {
      "version": "3.1.20",
      "resolved": "https://registry.npmjs.org/phone/-/phone-3.1.20.tgz",
      "integrity": "sha512-RR23OELEPPMWX3fz//ajrElna+9Y10iqBTL6W1SXHeQPnvpVd8ey2tYYcIH8lB70QL3QiTMDiSIwaINcde6SOw==",
      "engines": {
        "node": ">=12"
      }
    }
  },
  "dependencies": {
    "phone": {
      "version": "3.1.20",
      "resolved": "https://registry.npmjs.org/phone/-/phone-3.1.20.tgz",
      "integrity": "sha512-RR23OELEPPMWX3fz//ajrElna+9Y10iqBTL6W1SXHeQPnvpVd8ey2tYYcIH8lB70QL3QiTMDiSIwaINcde6SOw=="
    }
  }
}
